
Microsoft Visual Studio Solution File, Format Version 12.00
# Visual Studio Version 17
VisualStudioVersion = 17.10.34928.147
MinimumVisualStudioVersion = 10.0.40219.1
Project("{2150E333-8FDC-42A3-9474-1A3956D46DE8}") = "Services", "Services", "{16E3736C-EDA5-4C78-A756-7B48DEEFCC19}"
EndProject
Project("{2150E333-8FDC-42A3-9474-1A3956D46DE8}") = "Catalog", "Catalog", "{D5A72C0E-7873-4541-9564-9D0937E3A0B1}"
EndProject
Project("{9A19103F-16F7-4668-BE54-9A1E7A4F7556}") = "Catalog.API", "Services\Catalog\Catalog.API\Catalog.API.csproj", "{EA49F4CC-0139-4F14-BA9C-1D2DB2AD3F51}"
EndProject
Project("{2150E333-8FDC-42A3-9474-1A3956D46DE8}") = "BuildingBlocks", "BuildingBlocks", "{B0185236-EF58-4A3E-A9F0-C159CE57BDCA}"
EndProject
Project("{9A19103F-16F7-4668-BE54-9A1E7A4F7556}") = "BuildingBlocks", "BuildingBlocks\BuldingBlocks\BuildingBlocks.csproj", "{BA0E8AE8-22ED-4E23-A649-10140417D36F}"
EndProject
Project("{E53339B2-1760-4266-BCC7-CA923CBCF16C}") = "docker-compose", "docker-compose.dcproj", "{71130185-C375-4148-A3AC-F13DD4213178}"
EndProject
Project("{2150E333-8FDC-42A3-9474-1A3956D46DE8}") = "Basket", "Basket", "{00255672-E778-4B10-A4AF-7317581F50A9}"
EndProject
Project("{9A19103F-16F7-4668-BE54-9A1E7A4F7556}") = "Basket.API", "Services\Basket\Basket.API\Basket.API.csproj", "{441C0C85-CC6D-4D1A-8DE7-7D9EB3F4B8DC}"
EndProject
Project("{2150E333-8FDC-42A3-9474-1A3956D46DE8}") = "Discount", "Discount", "{915D6CBF-4EE6-40D7-A3FD-B8263E866C1B}"
EndProject
Project("{9A19103F-16F7-4668-BE54-9A1E7A4F7556}") = "Discount.Grpc", "Services\Discount\Discount.Grpc\Discount.Grpc.csproj", "{1329E2B2-23E7-4D39-BE94-26BF323D6296}"
EndProject
Project("{2150E333-8FDC-42A3-9474-1A3956D46DE8}") = "Ordering", "Ordering", "{13BDCE9C-7C74-4251-8890-4C6D270F79DC}"
EndProject
Project("{9A19103F-16F7-4668-BE54-9A1E7A4F7556}") = "Ordering.API", "Services\Ordering\Ordering.API\Ordering.API.csproj", "{6C17E8F0-95DC-4A65-BB10-B455D92005CD}"
EndProject
Project("{9A19103F-16F7-4668-BE54-9A1E7A4F7556}") = "Ordering.Domain", "Services\Ordering\Ordering.Domain\Ordering.Domain.csproj", "{9AAF0EA7-5153-4B5F-AE4B-9E0F7A4E9D8F}"
EndProject
Project("{9A19103F-16F7-4668-BE54-9A1E7A4F7556}") = "Ordering.Application", "Services\Ordering\Ordering.Application\Ordering.Application.csproj", "{4A303697-E2C2-44C5-BF90-EA784E70CF78}"
EndProject
Project("{9A19103F-16F7-4668-BE54-9A1E7A4F7556}") = "Ordering.Infrastructure", "Services\Ordering\Ordering.Infrastructure\Ordering.Infrastructure.csproj", "{39450B78-0DB9-40AE-B1E8-39A07992FFC0}"
EndProject
Project("{9A19103F-16F7-4668-BE54-9A1E7A4F7556}") = "BuildingBlocks.Messaging", "BuildingBlocks\BuildingBlocks.Messaging\BuildingBlocks.Messaging.csproj", "{443BFE34-7CBB-47AC-87B7-4DC61D1EA973}"
EndProject
Project("{2150E333-8FDC-42A3-9474-1A3956D46DE8}") = "ApiGateways", "ApiGateways", "{ED04B183-32EB-4FBF-A4E0-64A72C5C2AA6}"
EndProject
Project("{FAE04EC0-301F-11D3-BF4B-00C04F79EFBC}") = "YarpApiGateway", "ApiGateways\YarpApiGateway\YarpApiGateway.csproj", "{1BFF93C9-FFCD-4F1A-8D39-FB408D555760}"
EndProject
Global
	GlobalSection(SolutionConfigurationPlatforms) = preSolution
		Debug|Any CPU = Debug|Any CPU
		Release|Any CPU = Release|Any CPU
	EndGlobalSection
	GlobalSection(ProjectConfigurationPlatforms) = postSolution
		{EA49F4CC-0139-4F14-BA9C-1D2DB2AD3F51}.Debug|Any CPU.ActiveCfg = Debug|Any CPU
		{EA49F4CC-0139-4F14-BA9C-1D2DB2AD3F51}.Debug|Any CPU.Build.0 = Debug|Any CPU
		{EA49F4CC-0139-4F14-BA9C-1D2DB2AD3F51}.Release|Any CPU.ActiveCfg = Release|Any CPU
		{EA49F4CC-0139-4F14-BA9C-1D2DB2AD3F51}.Release|Any CPU.Build.0 = Release|Any CPU
		{BA0E8AE8-22ED-4E23-A649-10140417D36F}.Debug|Any CPU.ActiveCfg = Debug|Any CPU
		{BA0E8AE8-22ED-4E23-A649-10140417D36F}.Debug|Any CPU.Build.0 = Debug|Any CPU
		{BA0E8AE8-22ED-4E23-A649-10140417D36F}.Release|Any CPU.ActiveCfg = Release|Any CPU
		{BA0E8AE8-22ED-4E23-A649-10140417D36F}.Release|Any CPU.Build.0 = Release|Any CPU
		{71130185-C375-4148-A3AC-F13DD4213178}.Debug|Any CPU.ActiveCfg = Debug|Any CPU
		{71130185-C375-4148-A3AC-F13DD4213178}.Debug|Any CPU.Build.0 = Debug|Any CPU
		{71130185-C375-4148-A3AC-F13DD4213178}.Release|Any CPU.ActiveCfg = Release|Any CPU
		{71130185-C375-4148-A3AC-F13DD4213178}.Release|Any CPU.Build.0 = Release|Any CPU
		{441C0C85-CC6D-4D1A-8DE7-7D9EB3F4B8DC}.Debug|Any CPU.ActiveCfg = Debug|Any CPU
		{441C0C85-CC6D-4D1A-8DE7-7D9EB3F4B8DC}.Debug|Any CPU.Build.0 = Debug|Any CPU
		{441C0C85-CC6D-4D1A-8DE7-7D9EB3F4B8DC}.Release|Any CPU.ActiveCfg = Release|Any CPU
		{441C0C85-CC6D-4D1A-8DE7-7D9EB3F4B8DC}.Release|Any CPU.Build.0 = Release|Any CPU
		{1329E2B2-23E7-4D39-BE94-26BF323D6296}.Debug|Any CPU.ActiveCfg = Debug|Any CPU
		{1329E2B2-23E7-4D39-BE94-26BF323D6296}.Debug|Any CPU.Build.0 = Debug|Any CPU
		{1329E2B2-23E7-4D39-BE94-26BF323D6296}.Release|Any CPU.ActiveCfg = Release|Any CPU
		{1329E2B2-23E7-4D39-BE94-26BF323D6296}.Release|Any CPU.Build.0 = Release|Any CPU
		{6C17E8F0-95DC-4A65-BB10-B455D92005CD}.Debug|Any CPU.ActiveCfg = Debug|Any CPU
		{6C17E8F0-95DC-4A65-BB10-B455D92005CD}.Debug|Any CPU.Build.0 = Debug|Any CPU
		{6C17E8F0-95DC-4A65-BB10-B455D92005CD}.Release|Any CPU.ActiveCfg = Release|Any CPU
		{6C17E8F0-95DC-4A65-BB10-B455D92005CD}.Release|Any CPU.Build.0 = Release|Any CPU
		{9AAF0EA7-5153-4B5F-AE4B-9E0F7A4E9D8F}.Debug|Any CPU.ActiveCfg = Debug|Any CPU
		{9AAF0EA7-5153-4B5F-AE4B-9E0F7A4E9D8F}.Debug|Any CPU.Build.0 = Debug|Any CPU
		{9AAF0EA7-5153-4B5F-AE4B-9E0F7A4E9D8F}.Release|Any CPU.ActiveCfg = Release|Any CPU
		{9AAF0EA7-5153-4B5F-AE4B-9E0F7A4E9D8F}.Release|Any CPU.Build.0 = Release|Any CPU
		{4A303697-E2C2-44C5-BF90-EA784E70CF78}.Debug|Any CPU.ActiveCfg = Debug|Any CPU
		{4A303697-E2C2-44C5-BF90-EA784E70CF78}.Debug|Any CPU.Build.0 = Debug|Any CPU
		{4A303697-E2C2-44C5-BF90-EA784E70CF78}.Release|Any CPU.ActiveCfg = Release|Any CPU
		{4A303697-E2C2-44C5-BF90-EA784E70CF78}.Release|Any CPU.Build.0 = Release|Any CPU
		{39450B78-0DB9-40AE-B1E8-39A07992FFC0}.Debug|Any CPU.ActiveCfg = Debug|Any CPU
		{39450B78-0DB9-40AE-B1E8-39A07992FFC0}.Debug|Any CPU.Build.0 = Debug|Any CPU
		{39450B78-0DB9-40AE-B1E8-39A07992FFC0}.Release|Any CPU.ActiveCfg = Release|Any CPU
		{39450B78-0DB9-40AE-B1E8-39A07992FFC0}.Release|Any CPU.Build.0 = Release|Any CPU
		{443BFE34-7CBB-47AC-87B7-4DC61D1EA973}.Debug|Any CPU.ActiveCfg = Debug|Any CPU
		{443BFE34-7CBB-47AC-87B7-4DC61D1EA973}.Debug|Any CPU.Build.0 = Debug|Any CPU
		{443BFE34-7CBB-47AC-87B7-4DC61D1EA973}.Release|Any CPU.ActiveCfg = Release|Any CPU
		{443BFE34-7CBB-47AC-87B7-4DC61D1EA973}.Release|Any CPU.Build.0 = Release|Any CPU
		{1BFF93C9-FFCD-4F1A-8D39-FB408D555760}.Debug|Any CPU.ActiveCfg = Debug|Any CPU
		{1BFF93C9-FFCD-4F1A-8D39-FB408D555760}.Debug|Any CPU.Build.0 = Debug|Any CPU
		{1BFF93C9-FFCD-4F1A-8D39-FB408D555760}.Release|Any CPU.ActiveCfg = Release|Any CPU
		{1BFF93C9-FFCD-4F1A-8D39-FB408D555760}.Release|Any CPU.Build.0 = Release|Any CPU
	EndGlobalSection
	GlobalSection(SolutionProperties) = preSolution
		HideSolutionNode = FALSE
	EndGlobalSection
	GlobalSection(NestedProjects) = preSolution
		{D5A72C0E-7873-4541-9564-9D0937E3A0B1} = {16E3736C-EDA5-4C78-A756-7B48DEEFCC19}
		{EA49F4CC-0139-4F14-BA9C-1D2DB2AD3F51} = {D5A72C0E-7873-4541-9564-9D0937E3A0B1}
		{BA0E8AE8-22ED-4E23-A649-10140417D36F} = {B0185236-EF58-4A3E-A9F0-C159CE57BDCA}
		{00255672-E778-4B10-A4AF-7317581F50A9} = {16E3736C-EDA5-4C78-A756-7B48DEEFCC19}
		{441C0C85-CC6D-4D1A-8DE7-7D9EB3F4B8DC} = {00255672-E778-4B10-A4AF-7317581F50A9}
		{915D6CBF-4EE6-40D7-A3FD-B8263E866C1B} = {16E3736C-EDA5-4C78-A756-7B48DEEFCC19}
		{1329E2B2-23E7-4D39-BE94-26BF323D6296} = {915D6CBF-4EE6-40D7-A3FD-B8263E866C1B}
		{13BDCE9C-7C74-4251-8890-4C6D270F79DC} = {16E3736C-EDA5-4C78-A756-7B48DEEFCC19}
		{6C17E8F0-95DC-4A65-BB10-B455D92005CD} = {13BDCE9C-7C74-4251-8890-4C6D270F79DC}
		{9AAF0EA7-5153-4B5F-AE4B-9E0F7A4E9D8F} = {13BDCE9C-7C74-4251-8890-4C6D270F79DC}
		{4A303697-E2C2-44C5-BF90-EA784E70CF78} = {13BDCE9C-7C74-4251-8890-4C6D270F79DC}
		{39450B78-0DB9-40AE-B1E8-39A07992FFC0} = {13BDCE9C-7C74-4251-8890-4C6D270F79DC}
		{443BFE34-7CBB-47AC-87B7-4DC61D1EA973} = {B0185236-EF58-4A3E-A9F0-C159CE57BDCA}
		{1BFF93C9-FFCD-4F1A-8D39-FB408D555760} = {ED04B183-32EB-4FBF-A4E0-64A72C5C2AA6}
	EndGlobalSection
	GlobalSection(ExtensibilityGlobals) = postSolution
		SolutionGuid = {9A85F9FA-F45D-4BFA-A3E7-548909F6C2D7}
	EndGlobalSection
EndGlobal
